
Microsoft Visual Studio Solution File, Format Version 12.00
# Visual Studio Version 16
VisualStudioVersion = 16.0.29102.190
MinimumVisualStudioVersion = 10.0.40219.1
Project("{FAE04EC0-301F-11D3-BF4B-00C04F79EFBC}") = "api", "api\api.csproj", "{A3585E5B-8B6D-4807-AA07-8E5080276B5E}"
EndProject
Project("{FAE04EC0-301F-11D3-BF4B-00C04F79EFBC}") = "tests", "tests\tests.csproj", "{E3F70907-807C-47C5-8734-0597ECE66F3A}"
EndProject
Global
	GlobalSection(SolutionConfigurationPlatforms) = preSolution
		Debug|Any CPU = Debug|Any CPU
		Release|Any CPU = Release|Any CPU
	EndGlobalSection
	GlobalSection(ProjectConfigurationPlatforms) = postSolution
		{A3585E5B-8B6D-4807-AA07-8E5080276B5E}.Debug|Any CPU.ActiveCfg = Debug|Any CPU
		{A3585E5B-8B6D-4807-AA07-8E5080276B5E}.Debug|Any CPU.Build.0 = Debug|Any CPU
		{A3585E5B-8B6D-4807-AA07-8E5080276B5E}.Release|Any CPU.ActiveCfg = Release|Any CPU
		{A3585E5B-8B6D-4807-AA07-8E5080276B5E}.Release|Any CPU.Build.0 = Release|Any CPU
		{E3F70907-807C-47C5-8734-0597ECE66F3A}.Debug|Any CPU.ActiveCfg = Debug|Any CPU
		{E3F70907-807C-47C5-8734-0597ECE66F3A}.Debug|Any CPU.Build.0 = Debug|Any CPU
		{E3F70907-807C-47C5-8734-0597ECE66F3A}.Release|Any CPU.ActiveCfg = Release|Any CPU
		{E3F70907-807C-47C5-8734-0597ECE66F3A}.Release|Any CPU.Build.0 = Release|Any CPU
	EndGlobalSection
	GlobalSection(SolutionProperties) = preSolution
		HideSolutionNode = FALSE
	EndGlobalSection
	GlobalSection(ExtensibilityGlobals) = postSolution
		SolutionGuid = {591A00BA-2BE5-4058-BE00-5BEF7B33C148}
	EndGlobalSection
EndGlobal
